
Microsoft Visual Studio Solution File, Format Version 12.00
# Visual Studio Version 17
VisualStudioVersion = 17.6.33829.357
MinimumVisualStudioVersion = 10.0.40219.1
Project("{FAE04EC0-301F-11D3-BF4B-00C04F79EFBC}") = "Tienda_online", "Tienda_online\Tienda_online.csproj", "{B766036E-871D-4330-A9FD-CC07DF15EF79}"
EndProject
Global
	GlobalSection(SolutionConfigurationPlatforms) = preSolution
		Debug|Any CPU = Debug|Any CPU
		Release|Any CPU = Release|Any CPU
	EndGlobalSection
	GlobalSection(ProjectConfigurationPlatforms) = postSolution
		{B766036E-871D-4330-A9FD-CC07DF15EF79}.Debug|Any CPU.ActiveCfg = Debug|Any CPU
		{B766036E-871D-4330-A9FD-CC07DF15EF79}.Debug|Any CPU.Build.0 = Debug|Any CPU
		{B766036E-871D-4330-A9FD-CC07DF15EF79}.Release|Any CPU.ActiveCfg = Release|Any CPU
		{B766036E-871D-4330-A9FD-CC07DF15EF79}.Release|Any CPU.Build.0 = Release|Any CPU
	EndGlobalSection
	GlobalSection(SolutionProperties) = preSolution
		HideSolutionNode = FALSE
	EndGlobalSection
	GlobalSection(ExtensibilityGlobals) = postSolution
		SolutionGuid = {E3596FA7-3F26-4654-B6E8-1F50AFFC43D5}
	EndGlobalSection
EndGlobal
